PODS:
  - DGCharts (5.1.0):
    - DGCharts/Core (= 5.1.0)
  - DGCharts/Core (5.1.0)
  - Eureka (5.5.0)
  - FSCalendar (2.8.4)
  - Kingfisher (8.1.2)
  - ToastViewSwift (2.1.2)

DEPENDENCIES:
  - DGCharts (~> 5.0)
  - Eureka (~> 5.0)
  - FSCalendar (~> 2.8)
  - Kingfisher
  - ToastViewSwift (~> 2.1)

SPEC REPOS:
  trunk:
    - DGCharts
    - Eureka
    - FSCalendar
    - Kingfisher
    - ToastViewSwift

SPEC CHECKSUMS:
  DGCharts: 1c6daf585b6cfc78807af44ea690d357c410627f
  Eureka: 1c18c7fcd8f772cc2ca42d6be36292dffa77eecb
  FSCalendar: 2d1d0d9398f12d439f55c1fe0f01525b151b8260
  Kingfisher: dc989619594e24713c83e5a98f89f08850e0c529
  ToastViewSwift: 62e4c54cd482dd1106c2b2224103a8b171763cf3

PODFILE CHECKSUM: 40c3461bfd52f3681859c145606e4e87c17e60d6

COCOAPODS: 1.15.2
