PODS:
  - CalendarKit (1.1.10)
  - FSCalendar (2.8.4)

DEPENDENCIES:
  - CalendarKit
  - FSCalendar

SPEC REPOS:
  trunk:
    - CalendarKit
    - FSCalendar

SPEC CHECKSUMS:
  CalendarKit: fc3228a9e797e1970c6b9370ee0763cf88a1da9a
  FSCalendar: 2d1d0d9398f12d439f55c1fe0f01525b151b8260

PODFILE CHECKSUM: 037af166efccd51ffad3e139ebca014bd347c473

COCOAPODS: 1.15.2
