// !$*UTF8*$!
{
	archiveVersion = 1;
	classes = {
	};
	objectVersion = 56;
	objects = {

/* Begin PBXBuildFile section */
		14D730B4F063CDC67E989B72 /* Pods_subcalenro.framework in Frameworks */ = {isa = PBXBuildFile; fileRef = BE9BA6038E4E34A5D57879E0 /* Pods_subcalenro.framework */; };
		CE333DE72CC3210000DC6481 /* AnalyticsViewController.swift in Sources */ = {isa = PBXBuildFile; fileRef = CE333DE62CC3210000DC6481 /* AnalyticsViewController.swift */; };
		CEC1EF332CC4A9B6008F7A9F /* NotificationPermissionViewController.swift in Sources */ = {isa = PBXBuildFile; fileRef = CEC1EF322CC4A9B6008F7A9F /* NotificationPermissionViewController.swift */; };
		D310DDEC2CB21B5D008A6F39 /* SubscriptionManager.swift in Sources */ = {isa = PBXBuildFile; fileRef = D310DDEB2CB21B5D008A6F39 /* SubscriptionManager.swift */; };
		D310DE222CB34184008A6F39 /* Subscription.swift in Sources */ = {isa = PBXBuildFile; fileRef = D310DE212CB34184008A6F39 /* Subscription.swift */; };
		D310DE242CB37663008A6F39 /* SubscriptionsLoader.swift in Sources */ = {isa = PBXBuildFile; fileRef = D310DE232CB37663008A6F39 /* SubscriptionsLoader.swift */; };
		D310DE262CB38C25008A6F39 /* SubViewBuilder.swift in Sources */ = {isa = PBXBuildFile; fileRef = D310DE252CB38C25008A6F39 /* SubViewBuilder.swift */; };
		D351D99B2CB762D6005B4CF0 /* SubscriptionCell.swift in Sources */ = {isa = PBXBuildFile; fileRef = D351D99A2CB762D6005B4CF0 /* SubscriptionCell.swift */; };
		D375081F2CB856E300FDFBB4 /* CustomFSCalendar.swift in Sources */ = {isa = PBXBuildFile; fileRef = D375081E2CB856E300FDFBB4 /* CustomFSCalendar.swift */; };
		D37508222CB8953300FDFBB4 /* NotificationManager.swift in Sources */ = {isa = PBXBuildFile; fileRef = D37508212CB8953300FDFBB4 /* NotificationManager.swift */; };
		D37508242CB91C9000FDFBB4 /* SubscriptionsViewController.swift in Sources */ = {isa = PBXBuildFile; fileRef = D37508232CB91C9000FDFBB4 /* SubscriptionsViewController.swift */; };
		D375084B2CBA210400FDFBB4 /* SubListViewController.swift in Sources */ = {isa = PBXBuildFile; fileRef = D375084A2CBA210400FDFBB4 /* SubListViewController.swift */; };
		D375084D2CBA5E5A00FDFBB4 /* DetailSubcriptionViewController.swift in Sources */ = {isa = PBXBuildFile; fileRef = D375084C2CBA5E5A00FDFBB4 /* DetailSubcriptionViewController.swift */; };
		D387D1522CAFA0BF00F0BCD6 /* CalendarDelegate.swift in Sources */ = {isa = PBXBuildFile; fileRef = D387D1512CAFA0BF00F0BCD6 /* CalendarDelegate.swift */; };
		D387D1542CAFA0CC00F0BCD6 /* CalendarDataSource.swift in Sources */ = {isa = PBXBuildFile; fileRef = D387D1532CAFA0CC00F0BCD6 /* CalendarDataSource.swift */; };
		D387D1562CAFA10F00F0BCD6 /* CalendarViewCell.swift in Sources */ = {isa = PBXBuildFile; fileRef = D387D1552CAFA10F00F0BCD6 /* CalendarViewCell.swift */; };
		D387D16E2CAFA1C900F0BCD6 /* ThemeManager.swift in Sources */ = {isa = PBXBuildFile; fileRef = D387D1592CAFA1C900F0BCD6 /* ThemeManager.swift */; };
		D387D16F2CAFA1C900F0BCD6 /* SF-Pro-Display-Regular.otf in Resources */ = {isa = PBXBuildFile; fileRef = D387D15F2CAFA1C900F0BCD6 /* SF-Pro-Display-Regular.otf */; };
		D387D1702CAFA1C900F0BCD6 /* SF-Pro-Rounded-Bold.otf in Resources */ = {isa = PBXBuildFile; fileRef = D387D15C2CAFA1C900F0BCD6 /* SF-Pro-Rounded-Bold.otf */; };
		D387D1712CAFA1C900F0BCD6 /* SF-Pro-Rounded-Medium.otf in Resources */ = {isa = PBXBuildFile; fileRef = D387D1662CAFA1C900F0BCD6 /* SF-Pro-Rounded-Medium.otf */; };
		D387D1722CAFA1C900F0BCD6 /* SF-Pro-Rounded-Light.otf in Resources */ = {isa = PBXBuildFile; fileRef = D387D1652CAFA1C900F0BCD6 /* SF-Pro-Rounded-Light.otf */; };
		D387D1732CAFA1C900F0BCD6 /* SF-Pro-Rounded-Semibold.otf in Resources */ = {isa = PBXBuildFile; fileRef = D387D1682CAFA1C900F0BCD6 /* SF-Pro-Rounded-Semibold.otf */; };
		D387D1742CAFA1C900F0BCD6 /* Colors.xcassets in Resources */ = {isa = PBXBuildFile; fileRef = D387D16C2CAFA1C900F0BCD6 /* Colors.xcassets */; };
		D387D1752CAFA1C900F0BCD6 /* PlayfairDisplay-ExtraBoldItalic.ttf in Resources */ = {isa = PBXBuildFile; fileRef = D387D15B2CAFA1C900F0BCD6 /* PlayfairDisplay-ExtraBoldItalic.ttf */; };
		D387D1762CAFA1C900F0BCD6 /* PlayfairDisplay-ExtraBold.ttf in Resources */ = {isa = PBXBuildFile; fileRef = D387D1692CAFA1C900F0BCD6 /* PlayfairDisplay-ExtraBold.ttf */; };
		D387D1772CAFA1C900F0BCD6 /* SF-Pro-Display-Medium.otf in Resources */ = {isa = PBXBuildFile; fileRef = D387D15E2CAFA1C900F0BCD6 /* SF-Pro-Display-Medium.otf */; };
		D387D1782CAFA1C900F0BCD6 /* SF-Pro-Text-Bold.otf in Resources */ = {isa = PBXBuildFile; fileRef = D387D1612CAFA1C900F0BCD6 /* SF-Pro-Text-Bold.otf */; };
		D387D1792CAFA1C900F0BCD6 /* SF-Pro-Rounded-Regular.otf in Resources */ = {isa = PBXBuildFile; fileRef = D387D1672CAFA1C900F0BCD6 /* SF-Pro-Rounded-Regular.otf */; };
		D387D17A2CAFA1C900F0BCD6 /* SF-Pro-Display-Semibold.otf in Resources */ = {isa = PBXBuildFile; fileRef = D387D1602CAFA1C900F0BCD6 /* SF-Pro-Display-Semibold.otf */; };
		D387D17B2CAFA1C900F0BCD6 /* SF-Pro-Display-Bold.otf in Resources */ = {isa = PBXBuildFile; fileRef = D387D15D2CAFA1C900F0BCD6 /* SF-Pro-Display-Bold.otf */; };
		D387D17C2CAFA1C900F0BCD6 /* Assets.xcassets in Resources */ = {isa = PBXBuildFile; fileRef = D387D16B2CAFA1C900F0BCD6 /* Assets.xcassets */; };
		D387D17D2CAFA1C900F0BCD6 /* SF-Pro-Text-Semibold.otf in Resources */ = {isa = PBXBuildFile; fileRef = D387D1642CAFA1C900F0BCD6 /* SF-Pro-Text-Semibold.otf */; };
		D387D17E2CAFA1C900F0BCD6 /* SF-Pro-Text-Regular.otf in Resources */ = {isa = PBXBuildFile; fileRef = D387D1632CAFA1C900F0BCD6 /* SF-Pro-Text-Regular.otf */; };
		D387D17F2CAFA1C900F0BCD6 /* SF-Pro-Text-Medium.otf in Resources */ = {isa = PBXBuildFile; fileRef = D387D1622CAFA1C900F0BCD6 /* SF-Pro-Text-Medium.otf */; };
		D387D1832CAFA1D200F0BCD6 /* Utility.swift in Sources */ = {isa = PBXBuildFile; fileRef = D387D1812CAFA1D200F0BCD6 /* Utility.swift */; };
		D387D1842CAFA1D200F0BCD6 /* PreferencesManager.swift in Sources */ = {isa = PBXBuildFile; fileRef = D387D1802CAFA1D200F0BCD6 /* PreferencesManager.swift */; };
		D387D1862CAFA37200F0BCD6 /* BottomEventContainer.swift in Sources */ = {isa = PBXBuildFile; fileRef = D387D1852CAFA37200F0BCD6 /* BottomEventContainer.swift */; };
		D387D1882CAFA37700F0BCD6 /* OptionsFloatingBarView.swift in Sources */ = {isa = PBXBuildFile; fileRef = D387D1872CAFA37700F0BCD6 /* OptionsFloatingBarView.swift */; };
		D387D18F2CAFA50700F0BCD6 /* SettingsViewController.swift in Sources */ = {isa = PBXBuildFile; fileRef = D387D18B2CAFA50700F0BCD6 /* SettingsViewController.swift */; };
		D387D1902CAFA50700F0BCD6 /* SettingsCellModel.swift in Sources */ = {isa = PBXBuildFile; fileRef = D387D18D2CAFA50700F0BCD6 /* SettingsCellModel.swift */; };
		D387D1912CAFA50700F0BCD6 /* SettingsUITableViewCell.swift in Sources */ = {isa = PBXBuildFile; fileRef = D387D18C2CAFA50700F0BCD6 /* SettingsUITableViewCell.swift */; };
		D387D1922CAFA50700F0BCD6 /* AppearanceViewController.swift in Sources */ = {isa = PBXBuildFile; fileRef = D387D1892CAFA50700F0BCD6 /* AppearanceViewController.swift */; };
		D387D1972CB0A70A00F0BCD6 /* EditSubcriptionViewController.swift in Sources */ = {isa = PBXBuildFile; fileRef = D387D1962CB0A70A00F0BCD6 /* EditSubcriptionViewController.swift */; };
		D3B649732CAE3B1000ADD119 /* AppDelegate.swift in Sources */ = {isa = PBXBuildFile; fileRef = D3B649672CAE3B1000ADD119 /* AppDelegate.swift */; };
		D3B649742CAE3B1000ADD119 /* SceneDelegate.swift in Sources */ = {isa = PBXBuildFile; fileRef = D3B6496E2CAE3B1000ADD119 /* SceneDelegate.swift */; };
		D3B649752CAE3B1000ADD119 /* subcalenro.xcdatamodeld in Sources */ = {isa = PBXBuildFile; fileRef = D3B6496F2CAE3B1000ADD119 /* subcalenro.xcdatamodeld */; };
		D3B649762CAE3B1000ADD119 /* CalendarViewController.swift in Sources */ = {isa = PBXBuildFile; fileRef = D3B649702CAE3B1000ADD119 /* CalendarViewController.swift */; };
		D3B649792CAE3B1000ADD119 /* LaunchScreen.storyboard in Resources */ = {isa = PBXBuildFile; fileRef = D3B6496B2CAE3B1000ADD119 /* LaunchScreen.storyboard */; };
		D3B6497A2CAE3B1000ADD119 /* Main.storyboard in Resources */ = {isa = PBXBuildFile; fileRef = D3B6496D2CAE3B1000ADD119 /* Main.storyboard */; };
/* End PBXBuildFile section */

/* Begin PBXFileReference section */
		2CBD348774C22723D806D30E /* Pods-subcalenro.release.xcconfig */ = {isa = PBXFileReference; includeInIndex = 1; lastKnownFileType = text.xcconfig; name = "Pods-subcalenro.release.xcconfig"; path = "Target Support Files/Pods-subcalenro/Pods-subcalenro.release.xcconfig"; sourceTree = "<group>"; };
		B5A14581D6C13DFA917E4532 /* Pods-subcalenro.debug.xcconfig */ = {isa = PBXFileReference; includeInIndex = 1; lastKnownFileType = text.xcconfig; name = "Pods-subcalenro.debug.xcconfig"; path = "Target Support Files/Pods-subcalenro/Pods-subcalenro.debug.xcconfig"; sourceTree = "<group>"; };
		BE9BA6038E4E34A5D57879E0 /* Pods_subcalenro.framework */ = {isa = PBXFileReference; explicitFileType = wrapper.framework; includeInIndex = 0; path = Pods_subcalenro.framework; sourceTree = BUILT_PRODUCTS_DIR; };
		CE333DE62CC3210000DC6481 /* AnalyticsViewController.swift */ = {isa = PBXFileReference; lastKnownFileType = sourcecode.swift; path = AnalyticsViewController.swift; sourceTree = "<group>"; };
		CEC1EF322CC4A9B6008F7A9F /* NotificationPermissionViewController.swift */ = {isa = PBXFileReference; lastKnownFileType = sourcecode.swift; path = NotificationPermissionViewController.swift; sourceTree = "<group>"; };
		D310DDEB2CB21B5D008A6F39 /* SubscriptionManager.swift */ = {isa = PBXFileReference; lastKnownFileType = sourcecode.swift; path = SubscriptionManager.swift; sourceTree = "<group>"; };
		D310DE212CB34184008A6F39 /* Subscription.swift */ = {isa = PBXFileReference; lastKnownFileType = sourcecode.swift; path = Subscription.swift; sourceTree = "<group>"; };
		D310DE232CB37663008A6F39 /* SubscriptionsLoader.swift */ = {isa = PBXFileReference; lastKnownFileType = sourcecode.swift; path = SubscriptionsLoader.swift; sourceTree = "<group>"; };
		D310DE252CB38C25008A6F39 /* SubViewBuilder.swift */ = {isa = PBXFileReference; lastKnownFileType = sourcecode.swift; path = SubViewBuilder.swift; sourceTree = "<group>"; };
		D351D99A2CB762D6005B4CF0 /* SubscriptionCell.swift */ = {isa = PBXFileReference; lastKnownFileType = sourcecode.swift; path = SubscriptionCell.swift; sourceTree = "<group>"; };
		D375081E2CB856E300FDFBB4 /* CustomFSCalendar.swift */ = {isa = PBXFileReference; lastKnownFileType = sourcecode.swift; path = CustomFSCalendar.swift; sourceTree = "<group>"; };
		D37508212CB8953300FDFBB4 /* NotificationManager.swift */ = {isa = PBXFileReference; lastKnownFileType = sourcecode.swift; path = NotificationManager.swift; sourceTree = "<group>"; };
		D37508232CB91C9000FDFBB4 /* SubscriptionsViewController.swift */ = {isa = PBXFileReference; lastKnownFileType = sourcecode.swift; path = SubscriptionsViewController.swift; sourceTree = "<group>"; };
		D375084A2CBA210400FDFBB4 /* SubListViewController.swift */ = {isa = PBXFileReference; lastKnownFileType = sourcecode.swift; path = SubListViewController.swift; sourceTree = "<group>"; };
		D375084C2CBA5E5A00FDFBB4 /* DetailSubcriptionViewController.swift */ = {isa = PBXFileReference; lastKnownFileType = sourcecode.swift; path = DetailSubcriptionViewController.swift; sourceTree = "<group>"; };
		D387D1512CAFA0BF00F0BCD6 /* CalendarDelegate.swift */ = {isa = PBXFileReference; lastKnownFileType = sourcecode.swift; path = CalendarDelegate.swift; sourceTree = "<group>"; };
		D387D1532CAFA0CC00F0BCD6 /* CalendarDataSource.swift */ = {isa = PBXFileReference; lastKnownFileType = sourcecode.swift; path = CalendarDataSource.swift; sourceTree = "<group>"; };
		D387D1552CAFA10F00F0BCD6 /* CalendarViewCell.swift */ = {isa = PBXFileReference; lastKnownFileType = sourcecode.swift; path = CalendarViewCell.swift; sourceTree = "<group>"; };
		D387D1592CAFA1C900F0BCD6 /* ThemeManager.swift */ = {isa = PBXFileReference; lastKnownFileType = sourcecode.swift; path = ThemeManager.swift; sourceTree = "<group>"; };
		D387D15B2CAFA1C900F0BCD6 /* PlayfairDisplay-ExtraBoldItalic.ttf */ = {isa = PBXFileReference; lastKnownFileType = file; path = "PlayfairDisplay-ExtraBoldItalic.ttf"; sourceTree = "<group>"; };
		D387D15C2CAFA1C900F0BCD6 /* SF-Pro-Rounded-Bold.otf */ = {isa = PBXFileReference; lastKnownFileType = file; path = "SF-Pro-Rounded-Bold.otf"; sourceTree = "<group>"; };
		D387D15D2CAFA1C900F0BCD6 /* SF-Pro-Display-Bold.otf */ = {isa = PBXFileReference; lastKnownFileType = file; path = "SF-Pro-Display-Bold.otf"; sourceTree = "<group>"; };
		D387D15E2CAFA1C900F0BCD6 /* SF-Pro-Display-Medium.otf */ = {isa = PBXFileReference; lastKnownFileType = file; path = "SF-Pro-Display-Medium.otf"; sourceTree = "<group>"; };
		D387D15F2CAFA1C900F0BCD6 /* SF-Pro-Display-Regular.otf */ = {isa = PBXFileReference; lastKnownFileType = file; path = "SF-Pro-Display-Regular.otf"; sourceTree = "<group>"; };
		D387D1602CAFA1C900F0BCD6 /* SF-Pro-Display-Semibold.otf */ = {isa = PBXFileReference; lastKnownFileType = file; path = "SF-Pro-Display-Semibold.otf"; sourceTree = "<group>"; };
		D387D1612CAFA1C900F0BCD6 /* SF-Pro-Text-Bold.otf */ = {isa = PBXFileReference; lastKnownFileType = file; path = "SF-Pro-Text-Bold.otf"; sourceTree = "<group>"; };
		D387D1622CAFA1C900F0BCD6 /* SF-Pro-Text-Medium.otf */ = {isa = PBXFileReference; lastKnownFileType = file; path = "SF-Pro-Text-Medium.otf"; sourceTree = "<group>"; };
		D387D1632CAFA1C900F0BCD6 /* SF-Pro-Text-Regular.otf */ = {isa = PBXFileReference; lastKnownFileType = file; path = "SF-Pro-Text-Regular.otf"; sourceTree = "<group>"; };
		D387D1642CAFA1C900F0BCD6 /* SF-Pro-Text-Semibold.otf */ = {isa = PBXFileReference; lastKnownFileType = file; path = "SF-Pro-Text-Semibold.otf"; sourceTree = "<group>"; };
		D387D1652CAFA1C900F0BCD6 /* SF-Pro-Rounded-Light.otf */ = {isa = PBXFileReference; lastKnownFileType = file; path = "SF-Pro-Rounded-Light.otf"; sourceTree = "<group>"; };
		D387D1662CAFA1C900F0BCD6 /* SF-Pro-Rounded-Medium.otf */ = {isa = PBXFileReference; lastKnownFileType = file; path = "SF-Pro-Rounded-Medium.otf"; sourceTree = "<group>"; };
		D387D1672CAFA1C900F0BCD6 /* SF-Pro-Rounded-Regular.otf */ = {isa = PBXFileReference; lastKnownFileType = file; path = "SF-Pro-Rounded-Regular.otf"; sourceTree = "<group>"; };
		D387D1682CAFA1C900F0BCD6 /* SF-Pro-Rounded-Semibold.otf */ = {isa = PBXFileReference; lastKnownFileType = file; path = "SF-Pro-Rounded-Semibold.otf"; sourceTree = "<group>"; };
		D387D1692CAFA1C900F0BCD6 /* PlayfairDisplay-ExtraBold.ttf */ = {isa = PBXFileReference; lastKnownFileType = file; path = "PlayfairDisplay-ExtraBold.ttf"; sourceTree = "<group>"; };
		D387D16B2CAFA1C900F0BCD6 /* Assets.xcassets */ = {isa = PBXFileReference; lastKnownFileType = folder.assetcatalog; path = Assets.xcassets; sourceTree = "<group>"; };
		D387D16C2CAFA1C900F0BCD6 /* Colors.xcassets */ = {isa = PBXFileReference; lastKnownFileType = folder.assetcatalog; path = Colors.xcassets; sourceTree = "<group>"; };
		D387D1802CAFA1D200F0BCD6 /* PreferencesManager.swift */ = {isa = PBXFileReference; lastKnownFileType = sourcecode.swift; path = PreferencesManager.swift; sourceTree = "<group>"; };
		D387D1812CAFA1D200F0BCD6 /* Utility.swift */ = {isa = PBXFileReference; lastKnownFileType = sourcecode.swift; path = Utility.swift; sourceTree = "<group>"; };
		D387D1852CAFA37200F0BCD6 /* BottomEventContainer.swift */ = {isa = PBXFileReference; lastKnownFileType = sourcecode.swift; path = BottomEventContainer.swift; sourceTree = "<group>"; };
		D387D1872CAFA37700F0BCD6 /* OptionsFloatingBarView.swift */ = {isa = PBXFileReference; lastKnownFileType = sourcecode.swift; path = OptionsFloatingBarView.swift; sourceTree = "<group>"; };
		D387D1892CAFA50700F0BCD6 /* AppearanceViewController.swift */ = {isa = PBXFileReference; lastKnownFileType = sourcecode.swift; path = AppearanceViewController.swift; sourceTree = "<group>"; };
		D387D18B2CAFA50700F0BCD6 /* SettingsViewController.swift */ = {isa = PBXFileReference; lastKnownFileType = sourcecode.swift; path = SettingsViewController.swift; sourceTree = "<group>"; };
		D387D18C2CAFA50700F0BCD6 /* SettingsUITableViewCell.swift */ = {isa = PBXFileReference; lastKnownFileType = sourcecode.swift; path = SettingsUITableViewCell.swift; sourceTree = "<group>"; };
		D387D18D2CAFA50700F0BCD6 /* SettingsCellModel.swift */ = {isa = PBXFileReference; lastKnownFileType = sourcecode.swift; path = SettingsCellModel.swift; sourceTree = "<group>"; };
		D387D1962CB0A70A00F0BCD6 /* EditSubcriptionViewController.swift */ = {isa = PBXFileReference; lastKnownFileType = sourcecode.swift; path = EditSubcriptionViewController.swift; sourceTree = "<group>"; };
		D3B6494C2CAE2E4700ADD119 /* subcalenro.app */ = {isa = PBXFileReference; explicitFileType = wrapper.application; includeInIndex = 0; path = subcalenro.app; sourceTree = BUILT_PRODUCTS_DIR; };
		D3B649672CAE3B1000ADD119 /* AppDelegate.swift */ = {isa = PBXFileReference; lastKnownFileType = sourcecode.swift; path = AppDelegate.swift; sourceTree = "<group>"; };
		D3B649692CAE3B1000ADD119 /* Info.plist */ = {isa = PBXFileReference; lastKnownFileType = text.plist.xml; path = Info.plist; sourceTree = "<group>"; };
		D3B6496A2CAE3B1000ADD119 /* Base */ = {isa = PBXFileReference; lastKnownFileType = file.storyboard; name = Base; path = Base.lproj/LaunchScreen.storyboard; sourceTree = "<group>"; };
		D3B6496C2CAE3B1000ADD119 /* Base */ = {isa = PBXFileReference; lastKnownFileType = file.storyboard; name = Base; path = Base.lproj/Main.storyboard; sourceTree = "<group>"; };
		D3B6496E2CAE3B1000ADD119 /* SceneDelegate.swift */ = {isa = PBXFileReference; lastKnownFileType = sourcecode.swift; path = SceneDelegate.swift; sourceTree = "<group>"; };
		D3B649702CAE3B1000ADD119 /* CalendarViewController.swift */ = {isa = PBXFileReference; lastKnownFileType = sourcecode.swift; path = CalendarViewController.swift; sourceTree = "<group>"; };
		D3B649722CAE3B1000ADD119 /* subcalenro.xcdatamodel */ = {isa = PBXFileReference; lastKnownFileType = wrapper.xcdatamodel; path = subcalenro.xcdatamodel; sourceTree = "<group>"; };
/* End PBXFileReference section */

/* Begin PBXFrameworksBuildPhase section */
		D3B649492CAE2E4700ADD119 /* Frameworks */ = {
			isa = PBXFrameworksBuildPhase;
			buildActionMask = 2147483647;
			files = (
				14D730B4F063CDC67E989B72 /* Pods_subcalenro.framework in Frameworks */,
			);
			runOnlyForDeploymentPostprocessing = 0;
		};
/* End PBXFrameworksBuildPhase section */

/* Begin PBXGroup section */
		5609230F9A1AD0A8528ACB0E /* Pods */ = {
			isa = PBXGroup;
			children = (
				B5A14581D6C13DFA917E4532 /* Pods-subcalenro.debug.xcconfig */,
				2CBD348774C22723D806D30E /* Pods-subcalenro.release.xcconfig */,
			);
			path = Pods;
			sourceTree = "<group>";
		};
		569B11092DE7ED7DBF56ABD9 /* Frameworks */ = {
			isa = PBXGroup;
			children = (
				BE9BA6038E4E34A5D57879E0 /* Pods_subcalenro.framework */,
			);
			name = Frameworks;
			sourceTree = "<group>";
		};
		CE333DE52CC320EE00DC6481 /* Analyticals */ = {
			isa = PBXGroup;
			children = (
				CE333DE62CC3210000DC6481 /* AnalyticsViewController.swift */,
			);
			path = Analyticals;
			sourceTree = "<group>";
		};
		D37508202CB8952500FDFBB4 /* Notifications */ = {
			isa = PBXGroup;
			children = (
				CEC1EF322CC4A9B6008F7A9F /* NotificationPermissionViewController.swift */,
				D37508212CB8953300FDFBB4 /* NotificationManager.swift */,
			);
			path = Notifications;
			sourceTree = "<group>";
		};
		D387D15A2CAFA1C900F0BCD6 /* Managers */ = {
			isa = PBXGroup;
			children = (
				D387D1592CAFA1C900F0BCD6 /* ThemeManager.swift */,
			);
			path = Managers;
			sourceTree = "<group>";
		};
		D387D16A2CAFA1C900F0BCD6 /* Fonts */ = {
			isa = PBXGroup;
			children = (
				D387D15B2CAFA1C900F0BCD6 /* PlayfairDisplay-ExtraBoldItalic.ttf */,
				D387D15C2CAFA1C900F0BCD6 /* SF-Pro-Rounded-Bold.otf */,
				D387D15D2CAFA1C900F0BCD6 /* SF-Pro-Display-Bold.otf */,
				D387D15E2CAFA1C900F0BCD6 /* SF-Pro-Display-Medium.otf */,
				D387D15F2CAFA1C900F0BCD6 /* SF-Pro-Display-Regular.otf */,
				D387D1602CAFA1C900F0BCD6 /* SF-Pro-Display-Semibold.otf */,
				D387D1612CAFA1C900F0BCD6 /* SF-Pro-Text-Bold.otf */,
				D387D1622CAFA1C900F0BCD6 /* SF-Pro-Text-Medium.otf */,
				D387D1632CAFA1C900F0BCD6 /* SF-Pro-Text-Regular.otf */,
				D387D1642CAFA1C900F0BCD6 /* SF-Pro-Text-Semibold.otf */,
				D387D1652CAFA1C900F0BCD6 /* SF-Pro-Rounded-Light.otf */,
				D387D1662CAFA1C900F0BCD6 /* SF-Pro-Rounded-Medium.otf */,
				D387D1672CAFA1C900F0BCD6 /* SF-Pro-Rounded-Regular.otf */,
				D387D1682CAFA1C900F0BCD6 /* SF-Pro-Rounded-Semibold.otf */,
				D387D1692CAFA1C900F0BCD6 /* PlayfairDisplay-ExtraBold.ttf */,
			);
			path = Fonts;
			sourceTree = "<group>";
		};
		D387D16D2CAFA1C900F0BCD6 /* Resources */ = {
			isa = PBXGroup;
			children = (
				D387D15A2CAFA1C900F0BCD6 /* Managers */,
				D387D16A2CAFA1C900F0BCD6 /* Fonts */,
				D387D16B2CAFA1C900F0BCD6 /* Assets.xcassets */,
				D387D16C2CAFA1C900F0BCD6 /* Colors.xcassets */,
			);
			path = Resources;
			sourceTree = "<group>";
		};
		D387D1822CAFA1D200F0BCD6 /* Utils */ = {
			isa = PBXGroup;
			children = (
				D387D1802CAFA1D200F0BCD6 /* PreferencesManager.swift */,
				D387D1812CAFA1D200F0BCD6 /* Utility.swift */,
			);
			path = Utils;
			sourceTree = "<group>";
		};
		D387D18A2CAFA50700F0BCD6 /* Appearance */ = {
			isa = PBXGroup;
			children = (
				D387D1892CAFA50700F0BCD6 /* AppearanceViewController.swift */,
			);
			path = Appearance;
			sourceTree = "<group>";
		};
		D387D18E2CAFA50700F0BCD6 /* Settings */ = {
			isa = PBXGroup;
			children = (
				D387D18A2CAFA50700F0BCD6 /* Appearance */,
				D387D18B2CAFA50700F0BCD6 /* SettingsViewController.swift */,
				D387D18C2CAFA50700F0BCD6 /* SettingsUITableViewCell.swift */,
				D387D18D2CAFA50700F0BCD6 /* SettingsCellModel.swift */,
			);
			path = Settings;
			sourceTree = "<group>";
		};
		D387D1932CAFAA7300F0BCD6 /* Calendar */ = {
			isa = PBXGroup;
			children = (
				D3B649702CAE3B1000ADD119 /* CalendarViewController.swift */,
				D387D1512CAFA0BF00F0BCD6 /* CalendarDelegate.swift */,
				D387D1532CAFA0CC00F0BCD6 /* CalendarDataSource.swift */,
				D387D1552CAFA10F00F0BCD6 /* CalendarViewCell.swift */,
				D375081E2CB856E300FDFBB4 /* CustomFSCalendar.swift */,
			);
			path = Calendar;
			sourceTree = "<group>";
		};
		D387D1942CAFAA8300F0BCD6 /* OptionButtomBar */ = {
			isa = PBXGroup;
			children = (
				D387D1872CAFA37700F0BCD6 /* OptionsFloatingBarView.swift */,
			);
			path = OptionButtomBar;
			sourceTree = "<group>";
		};
		D387D1952CAFAAA000F0BCD6 /* ButtomContainer */ = {
			isa = PBXGroup;
			children = (
				D387D1852CAFA37200F0BCD6 /* BottomEventContainer.swift */,
				D351D99A2CB762D6005B4CF0 /* SubscriptionCell.swift */,
			);
			path = ButtomContainer;
			sourceTree = "<group>";
		};
		D3B649432CAE2E4700ADD119 = {
			isa = PBXGroup;
			children = (
				D3B649712CAE3B1000ADD119 /* subcalenro */,
				D3B6494D2CAE2E4700ADD119 /* Products */,
				5609230F9A1AD0A8528ACB0E /* Pods */,
				569B11092DE7ED7DBF56ABD9 /* Frameworks */,
			);
			sourceTree = "<group>";
		};
		D3B6494D2CAE2E4700ADD119 /* Products */ = {
			isa = PBXGroup;
			children = (
				D3B6494C2CAE2E4700ADD119 /* subcalenro.app */,
			);
			name = Products;
			sourceTree = "<group>";
		};
		D3B649712CAE3B1000ADD119 /* subcalenro */ = {
			isa = PBXGroup;
			children = (
				CE333DE52CC320EE00DC6481 /* Analyticals */,
				D37508202CB8952500FDFBB4 /* Notifications */,
				D387D1952CAFAAA000F0BCD6 /* ButtomContainer */,
				D387D1942CAFAA8300F0BCD6 /* OptionButtomBar */,
				D387D1932CAFAA7300F0BCD6 /* Calendar */,
				D387D18E2CAFA50700F0BCD6 /* Settings */,
				D387D1822CAFA1D200F0BCD6 /* Utils */,
				D387D16D2CAFA1C900F0BCD6 /* Resources */,
				D3B649692CAE3B1000ADD119 /* Info.plist */,
				D3B6496B2CAE3B1000ADD119 /* LaunchScreen.storyboard */,
				D3B6496D2CAE3B1000ADD119 /* Main.storyboard */,
				D3B649672CAE3B1000ADD119 /* AppDelegate.swift */,
				D3B6496E2CAE3B1000ADD119 /* SceneDelegate.swift */,
				D3B6496F2CAE3B1000ADD119 /* subcalenro.xcdatamodeld */,
				D387D1962CB0A70A00F0BCD6 /* EditSubcriptionViewController.swift */,
				D310DDEB2CB21B5D008A6F39 /* SubscriptionManager.swift */,
				D310DE212CB34184008A6F39 /* Subscription.swift */,
				D310DE232CB37663008A6F39 /* SubscriptionsLoader.swift */,
				D310DE252CB38C25008A6F39 /* SubViewBuilder.swift */,
				D37508232CB91C9000FDFBB4 /* SubscriptionsViewController.swift */,
				D375084A2CBA210400FDFBB4 /* SubListViewController.swift */,
				D375084C2CBA5E5A00FDFBB4 /* DetailSubcriptionViewController.swift */,
			);
			path = subcalenro;
			sourceTree = "<group>";
		};
/* End PBXGroup section */

/* Begin PBXNativeTarget section */
		D3B6494B2CAE2E4700ADD119 /* subcalenro */ = {
			isa = PBXNativeTarget;
			buildConfigurationList = D3B649622CAE2E4B00ADD119 /* Build configuration list for PBXNativeTarget "subcalenro" */;
			buildPhases = (
				7416EB9D40E340371B0ECC0A /* [CP] Check Pods Manifest.lock */,
				D3B649482CAE2E4700ADD119 /* Sources */,
				D3B649492CAE2E4700ADD119 /* Frameworks */,
				D3B6494A2CAE2E4700ADD119 /* Resources */,
				63FF86A4FCC6CE52415685AD /* [CP] Embed Pods Frameworks */,
			);
			buildRules = (
			);
			dependencies = (
			);
			name = subcalenro;
			productName = subcalenro;
			productReference = D3B6494C2CAE2E4700ADD119 /* subcalenro.app */;
			productType = "com.apple.product-type.application";
		};
/* End PBXNativeTarget section */

/* Begin PBXProject section */
		D3B649442CAE2E4700ADD119 /* Project object */ = {
			isa = PBXProject;
			attributes = {
				BuildIndependentTargetsInParallel = 1;
				LastSwiftUpdateCheck = 1600;
				LastUpgradeCheck = 1600;
				TargetAttributes = {
					D3B6494B2CAE2E4700ADD119 = {
						CreatedOnToolsVersion = 16.0;
					};
				};
			};
			buildConfigurationList = D3B649472CAE2E4700ADD119 /* Build configuration list for PBXProject "subcalenro" */;
			compatibilityVersion = "Xcode 14.0";
			developmentRegion = en;
			hasScannedForEncodings = 0;
			knownRegions = (
				en,
				Base,
			);
			mainGroup = D3B649432CAE2E4700ADD119;
			productRefGroup = D3B6494D2CAE2E4700ADD119 /* Products */;
			projectDirPath = "";
			projectRoot = "";
			targets = (
				D3B6494B2CAE2E4700ADD119 /* subcalenro */,
			);
		};
/* End PBXProject section */

/* Begin PBXResourcesBuildPhase section */
		D3B6494A2CAE2E4700ADD119 /* Resources */ = {
			isa = PBXResourcesBuildPhase;
			buildActionMask = 2147483647;
			files = (
				D3B649792CAE3B1000ADD119 /* LaunchScreen.storyboard in Resources */,
				D387D16F2CAFA1C900F0BCD6 /* SF-Pro-Display-Regular.otf in Resources */,
				D387D1702CAFA1C900F0BCD6 /* SF-Pro-Rounded-Bold.otf in Resources */,
				D387D1712CAFA1C900F0BCD6 /* SF-Pro-Rounded-Medium.otf in Resources */,
				D387D1722CAFA1C900F0BCD6 /* SF-Pro-Rounded-Light.otf in Resources */,
				D387D1732CAFA1C900F0BCD6 /* SF-Pro-Rounded-Semibold.otf in Resources */,
				D387D1742CAFA1C900F0BCD6 /* Colors.xcassets in Resources */,
				D387D1752CAFA1C900F0BCD6 /* PlayfairDisplay-ExtraBoldItalic.ttf in Resources */,
				D387D1762CAFA1C900F0BCD6 /* PlayfairDisplay-ExtraBold.ttf in Resources */,
				D387D1772CAFA1C900F0BCD6 /* SF-Pro-Display-Medium.otf in Resources */,
				D387D1782CAFA1C900F0BCD6 /* SF-Pro-Text-Bold.otf in Resources */,
				D387D1792CAFA1C900F0BCD6 /* SF-Pro-Rounded-Regular.otf in Resources */,
				D387D17A2CAFA1C900F0BCD6 /* SF-Pro-Display-Semibold.otf in Resources */,
				D387D17B2CAFA1C900F0BCD6 /* SF-Pro-Display-Bold.otf in Resources */,
				D387D17C2CAFA1C900F0BCD6 /* Assets.xcassets in Resources */,
				D387D17D2CAFA1C900F0BCD6 /* SF-Pro-Text-Semibold.otf in Resources */,
				D387D17E2CAFA1C900F0BCD6 /* SF-Pro-Text-Regular.otf in Resources */,
				D387D17F2CAFA1C900F0BCD6 /* SF-Pro-Text-Medium.otf in Resources */,
				D3B6497A2CAE3B1000ADD119 /* Main.storyboard in Resources */,
			);
			runOnlyForDeploymentPostprocessing = 0;
		};
/* End PBXResourcesBuildPhase section */

/* Begin PBXShellScriptBuildPhase section */
		63FF86A4FCC6CE52415685AD /* [CP] Embed Pods Frameworks */ = {
			isa = PBXShellScriptBuildPhase;
			buildActionMask = 2147483647;
			files = (
			);
			inputFileListPaths = (
				"${PODS_ROOT}/Target Support Files/Pods-subcalenro/Pods-subcalenro-frameworks-${CONFIGURATION}-input-files.xcfilelist",
			);
			name = "[CP] Embed Pods Frameworks";
			outputFileListPaths = (
				"${PODS_ROOT}/Target Support Files/Pods-subcalenro/Pods-subcalenro-frameworks-${CONFIGURATION}-output-files.xcfilelist",
			);
			runOnlyForDeploymentPostprocessing = 0;
			shellPath = /bin/sh;
			shellScript = "\"${PODS_ROOT}/Target Support Files/Pods-subcalenro/Pods-subcalenro-frameworks.sh\"\n";
			showEnvVarsInLog = 0;
		};
		7416EB9D40E340371B0ECC0A /* [CP] Check Pods Manifest.lock */ = {
			isa = PBXShellScriptBuildPhase;
			buildActionMask = 2147483647;
			files = (
			);
			inputFileListPaths = (
			);
			inputPaths = (
				"${PODS_PODFILE_DIR_PATH}/Podfile.lock",
				"${PODS_ROOT}/Manifest.lock",
			);
			name = "[CP] Check Pods Manifest.lock";
			outputFileListPaths = (
			);
			outputPaths = (
				"$(DERIVED_FILE_DIR)/Pods-subcalenro-checkManifestLockResult.txt",
			);
			runOnlyForDeploymentPostprocessing = 0;
			shellPath = /bin/sh;
			shellScript = "diff \"${PODS_PODFILE_DIR_PATH}/Podfile.lock\" \"${PODS_ROOT}/Manifest.lock\" > /dev/null\nif [ $? != 0 ] ; then\n    # print error to STDERR\n    echo \"error: The sandbox is not in sync with the Podfile.lock. Run 'pod install' or update your CocoaPods installation.\" >&2\n    exit 1\nfi\n# This output is used by Xcode 'outputs' to avoid re-running this script phase.\necho \"SUCCESS\" > \"${SCRIPT_OUTPUT_FILE_0}\"\n";
			showEnvVarsInLog = 0;
		};
/* End PBXShellScriptBuildPhase section */

/* Begin PBXSourcesBuildPhase section */
		D3B649482CAE2E4700ADD119 /* Sources */ = {
			isa = PBXSourcesBuildPhase;
			buildActionMask = 2147483647;
			files = (
				D387D1522CAFA0BF00F0BCD6 /* CalendarDelegate.swift in Sources */,
				D37508242CB91C9000FDFBB4 /* SubscriptionsViewController.swift in Sources */,
				CEC1EF332CC4A9B6008F7A9F /* NotificationPermissionViewController.swift in Sources */,
				D387D1862CAFA37200F0BCD6 /* BottomEventContainer.swift in Sources */,
				D387D1562CAFA10F00F0BCD6 /* CalendarViewCell.swift in Sources */,
				D3B649732CAE3B1000ADD119 /* AppDelegate.swift in Sources */,
				D310DE222CB34184008A6F39 /* Subscription.swift in Sources */,
				D387D1832CAFA1D200F0BCD6 /* Utility.swift in Sources */,
				D37508222CB8953300FDFBB4 /* NotificationManager.swift in Sources */,
				D387D1842CAFA1D200F0BCD6 /* PreferencesManager.swift in Sources */,
				D375084B2CBA210400FDFBB4 /* SubListViewController.swift in Sources */,
				D387D1972CB0A70A00F0BCD6 /* EditSubcriptionViewController.swift in Sources */,
				D387D16E2CAFA1C900F0BCD6 /* ThemeManager.swift in Sources */,
				D3B649742CAE3B1000ADD119 /* SceneDelegate.swift in Sources */,
				D351D99B2CB762D6005B4CF0 /* SubscriptionCell.swift in Sources */,
				D387D1542CAFA0CC00F0BCD6 /* CalendarDataSource.swift in Sources */,
				D387D18F2CAFA50700F0BCD6 /* SettingsViewController.swift in Sources */,
				D387D1902CAFA50700F0BCD6 /* SettingsCellModel.swift in Sources */,
				D387D1912CAFA50700F0BCD6 /* SettingsUITableViewCell.swift in Sources */,
				D387D1922CAFA50700F0BCD6 /* AppearanceViewController.swift in Sources */,
				D310DE242CB37663008A6F39 /* SubscriptionsLoader.swift in Sources */,
				D375084D2CBA5E5A00FDFBB4 /* DetailSubcriptionViewController.swift in Sources */,
				D3B649752CAE3B1000ADD119 /* subcalenro.xcdatamodeld in Sources */,
				CE333DE72CC3210000DC6481 /* AnalyticsViewController.swift in Sources */,
				D375081F2CB856E300FDFBB4 /* CustomFSCalendar.swift in Sources */,
				D3B649762CAE3B1000ADD119 /* CalendarViewController.swift in Sources */,
				D387D1882CAFA37700F0BCD6 /* OptionsFloatingBarView.swift in Sources */,
				D310DDEC2CB21B5D008A6F39 /* SubscriptionManager.swift in Sources */,
				D310DE262CB38C25008A6F39 /* SubViewBuilder.swift in Sources */,
			);
			runOnlyForDeploymentPostprocessing = 0;
		};
/* End PBXSourcesBuildPhase section */

/* Begin PBXVariantGroup section */
		D3B6496B2CAE3B1000ADD119 /* LaunchScreen.storyboard */ = {
			isa = PBXVariantGroup;
			children = (
				D3B6496A2CAE3B1000ADD119 /* Base */,
			);
			name = LaunchScreen.storyboard;
			sourceTree = "<group>";
		};
		D3B6496D2CAE3B1000ADD119 /* Main.storyboard */ = {
			isa = PBXVariantGroup;
			children = (
				D3B6496C2CAE3B1000ADD119 /* Base */,
			);
			name = Main.storyboard;
			sourceTree = "<group>";
		};
/* End PBXVariantGroup section */

/* Begin XCBuildConfiguration section */
		D3B649632CAE2E4B00ADD119 /* Debug */ = {
			isa = XCBuildConfiguration;
			baseConfigurationReference = B5A14581D6C13DFA917E4532 /* Pods-subcalenro.debug.xcconfig */;
			buildSettings = {
				ASSETCATALOG_COMPILER_APPICON_NAME = AppIcon;
				ASSETCATALOG_COMPILER_GLOBAL_ACCENT_COLOR_NAME = AccentColor;
				CODE_SIGN_STYLE = Automatic;
				CURRENT_PROJECT_VERSION = 1;
				DEVELOPMENT_TEAM = 4W9XHUWSFR;
				ENABLE_USER_SCRIPT_SANDBOXING = NO;
				GENERATE_INFOPLIST_FILE = YES;
				INFOPLIST_FILE = subcalenro/Info.plist;
				INFOPLIST_KEY_UIApplicationSupportsIndirectInputEvents = YES;
				INFOPLIST_KEY_UILaunchStoryboardName = LaunchScreen;
				INFOPLIST_KEY_UIMainStoryboardFile = Main;
				INFOPLIST_KEY_UISupportedInterfaceOrientations_iPad = "UIInterfaceOrientationPortrait UIInterfaceOrientationPortraitUpsideDown UIInterfaceOrientationLandscapeLeft UIInterfaceOrientationLandscapeRight";
				INFOPLIST_KEY_UISupportedInterfaceOrientations_iPhone = "UIInterfaceOrientationPortrait UIInterfaceOrientationLandscapeLeft UIInterfaceOrientationLandscapeRight";
				LD_RUNPATH_SEARCH_PATHS = (
					"$(inherited)",
					"@executable_path/Frameworks",
				);
				MARKETING_VERSION = 1.0;
				PRODUCT_BUNDLE_IDENTIFIER = con.coppertec.subcalenro;
				PRODUCT_NAME = "$(TARGET_NAME)";
				SWIFT_EMIT_LOC_STRINGS = YES;
				SWIFT_VERSION = 5.0;
				TARGETED_DEVICE_FAMILY = "1,2";
			};
			name = Debug;
		};
		D3B649642CAE2E4B00ADD119 /* Release */ = {
			isa = XCBuildConfiguration;
			baseConfigurationReference = 2CBD348774C22723D806D30E /* Pods-subcalenro.release.xcconfig */;
			buildSettings = {
				ASSETCATALOG_COMPILER_APPICON_NAME = AppIcon;
				ASSETCATALOG_COMPILER_GLOBAL_ACCENT_COLOR_NAME = AccentColor;
				CODE_SIGN_STYLE = Automatic;
				CURRENT_PROJECT_VERSION = 1;
				DEVELOPMENT_TEAM = 4W9XHUWSFR;
				ENABLE_USER_SCRIPT_SANDBOXING = YES;
				GENERATE_INFOPLIST_FILE = YES;
				INFOPLIST_FILE = subcalenro/Info.plist;
				INFOPLIST_KEY_UIApplicationSupportsIndirectInputEvents = YES;
				INFOPLIST_KEY_UILaunchStoryboardName = LaunchScreen;
				INFOPLIST_KEY_UIMainStoryboardFile = Main;
				INFOPLIST_KEY_UISupportedInterfaceOrientations_iPad = "UIInterfaceOrientationPortrait UIInterfaceOrientationPortraitUpsideDown UIInterfaceOrientationLandscapeLeft UIInterfaceOrientationLandscapeRight";
				INFOPLIST_KEY_UISupportedInterfaceOrientations_iPhone = "UIInterfaceOrientationPortrait UIInterfaceOrientationLandscapeLeft UIInterfaceOrientationLandscapeRight";
				LD_RUNPATH_SEARCH_PATHS = (
					"$(inherited)",
					"@executable_path/Frameworks",
				);
				MARKETING_VERSION = 1.0;
				PRODUCT_BUNDLE_IDENTIFIER = con.coppertec.subcalenro;
				PRODUCT_NAME = "$(TARGET_NAME)";
				SWIFT_EMIT_LOC_STRINGS = YES;
				SWIFT_VERSION = 5.0;
				TARGETED_DEVICE_FAMILY = "1,2";
			};
			name = Release;
		};
		D3B649652CAE2E4B00ADD119 /* Debug */ = {
			isa = XCBuildConfiguration;
			buildSettings = {
				ALWAYS_SEARCH_USER_PATHS = NO;
				ASSETCATALOG_COMPILER_GENERATE_SWIFT_ASSET_SYMBOL_EXTENSIONS = YES;
				CLANG_ANALYZER_NONNULL = YES;
				CLANG_ANALYZER_NUMBER_OBJECT_CONVERSION = YES_AGGRESSIVE;
				CLANG_CXX_LANGUAGE_STANDARD = "gnu++20";
				CLANG_ENABLE_MODULES = YES;
				CLANG_ENABLE_OBJC_ARC = YES;
				CLANG_ENABLE_OBJC_WEAK = YES;
				CLANG_WARN_BLOCK_CAPTURE_AUTORELEASING = YES;
				CLANG_WARN_BOOL_CONVERSION = YES;
				CLANG_WARN_COMMA = YES;
				CLANG_WARN_CONSTANT_CONVERSION = YES;
				CLANG_WARN_DEPRECATED_OBJC_IMPLEMENTATIONS = YES;
				CLANG_WARN_DIRECT_OBJC_ISA_USAGE = YES_ERROR;
				CLANG_WARN_DOCUMENTATION_COMMENTS = YES;
				CLANG_WARN_EMPTY_BODY = YES;
				CLANG_WARN_ENUM_CONVERSION = YES;
				CLANG_WARN_INFINITE_RECURSION = YES;
				CLANG_WARN_INT_CONVERSION = YES;
				CLANG_WARN_NON_LITERAL_NULL_CONVERSION = YES;
				CLANG_WARN_OBJC_IMPLICIT_RETAIN_SELF = YES;
				CLANG_WARN_OBJC_LITERAL_CONVERSION = YES;
				CLANG_WARN_OBJC_ROOT_CLASS = YES_ERROR;
				CLANG_WARN_QUOTED_INCLUDE_IN_FRAMEWORK_HEADER = YES;
				CLANG_WARN_RANGE_LOOP_ANALYSIS = YES;
				CLANG_WARN_STRICT_PROTOTYPES = YES;
				CLANG_WARN_SUSPICIOUS_MOVE = YES;
				CLANG_WARN_UNGUARDED_AVAILABILITY = YES_AGGRESSIVE;
				CLANG_WARN_UNREACHABLE_CODE = YES;
				CLANG_WARN__DUPLICATE_METHOD_MATCH = YES;
				COPY_PHASE_STRIP = NO;
				DEBUG_INFORMATION_FORMAT = dwarf;
				ENABLE_STRICT_OBJC_MSGSEND = YES;
				ENABLE_TESTABILITY = YES;
				ENABLE_USER_SCRIPT_SANDBOXING = YES;
				GCC_C_LANGUAGE_STANDARD = gnu17;
				GCC_DYNAMIC_NO_PIC = NO;
				GCC_NO_COMMON_BLOCKS = YES;
				GCC_OPTIMIZATION_LEVEL = 0;
				GCC_PREPROCESSOR_DEFINITIONS = (
					"DEBUG=1",
					"$(inherited)",
				);
				GCC_WARN_64_TO_32_BIT_CONVERSION = YES;
				GCC_WARN_ABOUT_RETURN_TYPE = YES_ERROR;
				GCC_WARN_UNDECLARED_SELECTOR = YES;
				GCC_WARN_UNINITIALIZED_AUTOS = YES_AGGRESSIVE;
				GCC_WARN_UNUSED_FUNCTION = YES;
				GCC_WARN_UNUSED_VARIABLE = YES;
				IPHONEOS_DEPLOYMENT_TARGET = 18.0;
				LOCALIZATION_PREFERS_STRING_CATALOGS = YES;
				MTL_ENABLE_DEBUG_INFO = INCLUDE_SOURCE;
				MTL_FAST_MATH = YES;
				ONLY_ACTIVE_ARCH = YES;
				SDKROOT = iphoneos;
				SWIFT_ACTIVE_COMPILATION_CONDITIONS = "DEBUG $(inherited)";
				SWIFT_OPTIMIZATION_LEVEL = "-Onone";
			};
			name = Debug;
		};
		D3B649662CAE2E4B00ADD119 /* Release */ = {
			isa = XCBuildConfiguration;
			buildSettings = {
				ALWAYS_SEARCH_USER_PATHS = NO;
				ASSETCATALOG_COMPILER_GENERATE_SWIFT_ASSET_SYMBOL_EXTENSIONS = YES;
				CLANG_ANALYZER_NONNULL = YES;
				CLANG_ANALYZER_NUMBER_OBJECT_CONVERSION = YES_AGGRESSIVE;
				CLANG_CXX_LANGUAGE_STANDARD = "gnu++20";
				CLANG_ENABLE_MODULES = YES;
				CLANG_ENABLE_OBJC_ARC = YES;
				CLANG_ENABLE_OBJC_WEAK = YES;
				CLANG_WARN_BLOCK_CAPTURE_AUTORELEASING = YES;
				CLANG_WARN_BOOL_CONVERSION = YES;
				CLANG_WARN_COMMA = YES;
				CLANG_WARN_CONSTANT_CONVERSION = YES;
				CLANG_WARN_DEPRECATED_OBJC_IMPLEMENTATIONS = YES;
				CLANG_WARN_DIRECT_OBJC_ISA_USAGE = YES_ERROR;
				CLANG_WARN_DOCUMENTATION_COMMENTS = YES;
				CLANG_WARN_EMPTY_BODY = YES;
				CLANG_WARN_ENUM_CONVERSION = YES;
				CLANG_WARN_INFINITE_RECURSION = YES;
				CLANG_WARN_INT_CONVERSION = YES;
				CLANG_WARN_NON_LITERAL_NULL_CONVERSION = YES;
				CLANG_WARN_OBJC_IMPLICIT_RETAIN_SELF = YES;
				CLANG_WARN_OBJC_LITERAL_CONVERSION = YES;
				CLANG_WARN_OBJC_ROOT_CLASS = YES_ERROR;
				CLANG_WARN_QUOTED_INCLUDE_IN_FRAMEWORK_HEADER = YES;
				CLANG_WARN_RANGE_LOOP_ANALYSIS = YES;
				CLANG_WARN_STRICT_PROTOTYPES = YES;
				CLANG_WARN_SUSPICIOUS_MOVE = YES;
				CLANG_WARN_UNGUARDED_AVAILABILITY = YES_AGGRESSIVE;
				CLANG_WARN_UNREACHABLE_CODE = YES;
				CLANG_WARN__DUPLICATE_METHOD_MATCH = YES;
				COPY_PHASE_STRIP = NO;
				DEBUG_INFORMATION_FORMAT = "dwarf-with-dsym";
				ENABLE_NS_ASSERTIONS = NO;
				ENABLE_STRICT_OBJC_MSGSEND = YES;
				ENABLE_USER_SCRIPT_SANDBOXING = YES;
				GCC_C_LANGUAGE_STANDARD = gnu17;
				GCC_NO_COMMON_BLOCKS = YES;
				GCC_WARN_64_TO_32_BIT_CONVERSION = YES;
				GCC_WARN_ABOUT_RETURN_TYPE = YES_ERROR;
				GCC_WARN_UNDECLARED_SELECTOR = YES;
				GCC_WARN_UNINITIALIZED_AUTOS = YES_AGGRESSIVE;
				GCC_WARN_UNUSED_FUNCTION = YES;
				GCC_WARN_UNUSED_VARIABLE = YES;
				IPHONEOS_DEPLOYMENT_TARGET = 18.0;
				LOCALIZATION_PREFERS_STRING_CATALOGS = YES;
				MTL_ENABLE_DEBUG_INFO = NO;
				MTL_FAST_MATH = YES;
				SDKROOT = iphoneos;
				SWIFT_COMPILATION_MODE = wholemodule;
				VALIDATE_PRODUCT = YES;
			};
			name = Release;
		};
/* End XCBuildConfiguration section */

/* Begin XCConfigurationList section */
		D3B649472CAE2E4700ADD119 /* Build configuration list for PBXProject "subcalenro" */ = {
			isa = XCConfigurationList;
			buildConfigurations = (
				D3B649652CAE2E4B00ADD119 /* Debug */,
				D3B649662CAE2E4B00ADD119 /* Release */,
			);
			defaultConfigurationIsVisible = 0;
			defaultConfigurationName = Release;
		};
		D3B649622CAE2E4B00ADD119 /* Build configuration list for PBXNativeTarget "subcalenro" */ = {
			isa = XCConfigurationList;
			buildConfigurations = (
				D3B649632CAE2E4B00ADD119 /* Debug */,
				D3B649642CAE2E4B00ADD119 /* Release */,
			);
			defaultConfigurationIsVisible = 0;
			defaultConfigurationName = Release;
		};
/* End XCConfigurationList section */

/* Begin XCVersionGroup section */
		D3B6496F2CAE3B1000ADD119 /* subcalenro.xcdatamodeld */ = {
			isa = XCVersionGroup;
			children = (
				D3B649722CAE3B1000ADD119 /* subcalenro.xcdatamodel */,
			);
			currentVersion = D3B649722CAE3B1000ADD119 /* subcalenro.xcdatamodel */;
			path = subcalenro.xcdatamodeld;
			sourceTree = "<group>";
			versionGroupType = wrapper.xcdatamodel;
		};
/* End XCVersionGroup section */
	};
	rootObject = D3B649442CAE2E4700ADD119 /* Project object */;
}
