// !$*UTF8*$!
{
	archiveVersion = 1;
	classes = {
	};
	objectVersion = 56;
	objects = {

/* Begin PBXBuildFile section */
		14D730B4F063CDC67E989B72 /* Pods_subcalenro.framework in Frameworks */ = {isa = PBXBuildFile; fileRef = BE9BA6038E4E34A5D57879E0 /* Pods_subcalenro.framework */; };
		D3B649732CAE3B1000ADD119 /* AppDelegate.swift in Sources */ = {isa = PBXBuildFile; fileRef = D3B649672CAE3B1000ADD119 /* AppDelegate.swift */; };
		D3B649742CAE3B1000ADD119 /* SceneDelegate.swift in Sources */ = {isa = PBXBuildFile; fileRef = D3B6496E2CAE3B1000ADD119 /* SceneDelegate.swift */; };
		D3B649752CAE3B1000ADD119 /* subcalenro.xcdatamodeld in Sources */ = {isa = PBXBuildFile; fileRef = D3B6496F2CAE3B1000ADD119 /* subcalenro.xcdatamodeld */; };
		D3B649762CAE3B1000ADD119 /* ViewController.swift in Sources */ = {isa = PBXBuildFile; fileRef = D3B649702CAE3B1000ADD119 /* ViewController.swift */; };
		D3B649772CAE3B1000ADD119 /* Assets.xcassets in Resources */ = {isa = PBXBuildFile; fileRef = D3B649682CAE3B1000ADD119 /* Assets.xcassets */; };
		D3B649792CAE3B1000ADD119 /* LaunchScreen.storyboard in Resources */ = {isa = PBXBuildFile; fileRef = D3B6496B2CAE3B1000ADD119 /* LaunchScreen.storyboard */; };
		D3B6497A2CAE3B1000ADD119 /* Main.storyboard in Resources */ = {isa = PBXBuildFile; fileRef = D3B6496D2CAE3B1000ADD119 /* Main.storyboard */; };
/* End PBXBuildFile section */

/* Begin PBXFileReference section */
		2CBD348774C22723D806D30E /* Pods-subcalenro.release.xcconfig */ = {isa = PBXFileReference; includeInIndex = 1; lastKnownFileType = text.xcconfig; name = "Pods-subcalenro.release.xcconfig"; path = "Target Support Files/Pods-subcalenro/Pods-subcalenro.release.xcconfig"; sourceTree = "<group>"; };
		B5A14581D6C13DFA917E4532 /* Pods-subcalenro.debug.xcconfig */ = {isa = PBXFileReference; includeInIndex = 1; lastKnownFileType = text.xcconfig; name = "Pods-subcalenro.debug.xcconfig"; path = "Target Support Files/Pods-subcalenro/Pods-subcalenro.debug.xcconfig"; sourceTree = "<group>"; };
		BE9BA6038E4E34A5D57879E0 /* Pods_subcalenro.framework */ = {isa = PBXFileReference; explicitFileType = wrapper.framework; includeInIndex = 0; path = Pods_subcalenro.framework; sourceTree = BUILT_PRODUCTS_DIR; };
		D3B6494C2CAE2E4700ADD119 /* subcalenro.app */ = {isa = PBXFileReference; explicitFileType = wrapper.application; includeInIndex = 0; path = subcalenro.app; sourceTree = BUILT_PRODUCTS_DIR; };
		D3B649672CAE3B1000ADD119 /* AppDelegate.swift */ = {isa = PBXFileReference; lastKnownFileType = sourcecode.swift; path = AppDelegate.swift; sourceTree = "<group>"; };
		D3B649682CAE3B1000ADD119 /* Assets.xcassets */ = {isa = PBXFileReference; lastKnownFileType = folder.assetcatalog; path = Assets.xcassets; sourceTree = "<group>"; };
		D3B649692CAE3B1000ADD119 /* Info.plist */ = {isa = PBXFileReference; lastKnownFileType = text.plist.xml; path = Info.plist; sourceTree = "<group>"; };
		D3B6496A2CAE3B1000ADD119 /* Base */ = {isa = PBXFileReference; lastKnownFileType = file.storyboard; name = Base; path = Base.lproj/LaunchScreen.storyboard; sourceTree = "<group>"; };
		D3B6496C2CAE3B1000ADD119 /* Base */ = {isa = PBXFileReference; lastKnownFileType = file.storyboard; name = Base; path = Base.lproj/Main.storyboard; sourceTree = "<group>"; };
		D3B6496E2CAE3B1000ADD119 /* SceneDelegate.swift */ = {isa = PBXFileReference; lastKnownFileType = sourcecode.swift; path = SceneDelegate.swift; sourceTree = "<group>"; };
		D3B649702CAE3B1000ADD119 /* ViewController.swift */ = {isa = PBXFileReference; lastKnownFileType = sourcecode.swift; path = ViewController.swift; sourceTree = "<group>"; };
		D3B649722CAE3B1000ADD119 /* subcalenro.xcdatamodel */ = {isa = PBXFileReference; lastKnownFileType = wrapper.xcdatamodel; path = subcalenro.xcdatamodel; sourceTree = "<group>"; };
/* End PBXFileReference section */

/* Begin PBXFrameworksBuildPhase section */
		D3B649492CAE2E4700ADD119 /* Frameworks */ = {
			isa = PBXFrameworksBuildPhase;
			buildActionMask = 2147483647;
			files = (
				14D730B4F063CDC67E989B72 /* Pods_subcalenro.framework in Frameworks */,
			);
			runOnlyForDeploymentPostprocessing = 0;
		};
/* End PBXFrameworksBuildPhase section */

/* Begin PBXGroup section */
		5609230F9A1AD0A8528ACB0E /* Pods */ = {
			isa = PBXGroup;
			children = (
				B5A14581D6C13DFA917E4532 /* Pods-subcalenro.debug.xcconfig */,
				2CBD348774C22723D806D30E /* Pods-subcalenro.release.xcconfig */,
			);
			path = Pods;
			sourceTree = "<group>";
		};
		569B11092DE7ED7DBF56ABD9 /* Frameworks */ = {
			isa = PBXGroup;
			children = (
				BE9BA6038E4E34A5D57879E0 /* Pods_subcalenro.framework */,
			);
			name = Frameworks;
			sourceTree = "<group>";
		};
		D3B649432CAE2E4700ADD119 = {
			isa = PBXGroup;
			children = (
				D3B649712CAE3B1000ADD119 /* subcalenro */,
				D3B6494D2CAE2E4700ADD119 /* Products */,
				5609230F9A1AD0A8528ACB0E /* Pods */,
				569B11092DE7ED7DBF56ABD9 /* Frameworks */,
			);
			sourceTree = "<group>";
		};
		D3B6494D2CAE2E4700ADD119 /* Products */ = {
			isa = PBXGroup;
			children = (
				D3B6494C2CAE2E4700ADD119 /* subcalenro.app */,
			);
			name = Products;
			sourceTree = "<group>";
		};
		D3B649712CAE3B1000ADD119 /* subcalenro */ = {
			isa = PBXGroup;
			children = (
				D3B649672CAE3B1000ADD119 /* AppDelegate.swift */,
				D3B649682CAE3B1000ADD119 /* Assets.xcassets */,
				D3B649692CAE3B1000ADD119 /* Info.plist */,
				D3B6496B2CAE3B1000ADD119 /* LaunchScreen.storyboard */,
				D3B6496D2CAE3B1000ADD119 /* Main.storyboard */,
				D3B6496E2CAE3B1000ADD119 /* SceneDelegate.swift */,
				D3B6496F2CAE3B1000ADD119 /* subcalenro.xcdatamodeld */,
				D3B649702CAE3B1000ADD119 /* ViewController.swift */,
			);
			path = subcalenro;
			sourceTree = "<group>";
		};
/* End PBXGroup section */

/* Begin PBXNativeTarget section */
		D3B6494B2CAE2E4700ADD119 /* subcalenro */ = {
			isa = PBXNativeTarget;
			buildConfigurationList = D3B649622CAE2E4B00ADD119 /* Build configuration list for PBXNativeTarget "subcalenro" */;
			buildPhases = (
				7416EB9D40E340371B0ECC0A /* [CP] Check Pods Manifest.lock */,
				D3B649482CAE2E4700ADD119 /* Sources */,
				D3B649492CAE2E4700ADD119 /* Frameworks */,
				D3B6494A2CAE2E4700ADD119 /* Resources */,
				63FF86A4FCC6CE52415685AD /* [CP] Embed Pods Frameworks */,
			);
			buildRules = (
			);
			dependencies = (
			);
			name = subcalenro;
			productName = subcalenro;
			productReference = D3B6494C2CAE2E4700ADD119 /* subcalenro.app */;
			productType = "com.apple.product-type.application";
		};
/* End PBXNativeTarget section */

/* Begin PBXProject section */
		D3B649442CAE2E4700ADD119 /* Project object */ = {
			isa = PBXProject;
			attributes = {
				BuildIndependentTargetsInParallel = 1;
				LastSwiftUpdateCheck = 1600;
				LastUpgradeCheck = 1600;
				TargetAttributes = {
					D3B6494B2CAE2E4700ADD119 = {
						CreatedOnToolsVersion = 16.0;
					};
				};
			};
			buildConfigurationList = D3B649472CAE2E4700ADD119 /* Build configuration list for PBXProject "subcalenro" */;
			compatibilityVersion = "Xcode 14.0";
			developmentRegion = en;
			hasScannedForEncodings = 0;
			knownRegions = (
				en,
				Base,
			);
			mainGroup = D3B649432CAE2E4700ADD119;
			productRefGroup = D3B6494D2CAE2E4700ADD119 /* Products */;
			projectDirPath = "";
			projectRoot = "";
			targets = (
				D3B6494B2CAE2E4700ADD119 /* subcalenro */,
			);
		};
/* End PBXProject section */

/* Begin PBXResourcesBuildPhase section */
		D3B6494A2CAE2E4700ADD119 /* Resources */ = {
			isa = PBXResourcesBuildPhase;
			buildActionMask = 2147483647;
			files = (
				D3B649772CAE3B1000ADD119 /* Assets.xcassets in Resources */,
				D3B649792CAE3B1000ADD119 /* LaunchScreen.storyboard in Resources */,
				D3B6497A2CAE3B1000ADD119 /* Main.storyboard in Resources */,
			);
			runOnlyForDeploymentPostprocessing = 0;
		};
/* End PBXResourcesBuildPhase section */

/* Begin PBXShellScriptBuildPhase section */
		63FF86A4FCC6CE52415685AD /* [CP] Embed Pods Frameworks */ = {
			isa = PBXShellScriptBuildPhase;
			buildActionMask = 2147483647;
			files = (
			);
			inputFileListPaths = (
				"${PODS_ROOT}/Target Support Files/Pods-subcalenro/Pods-subcalenro-frameworks-${CONFIGURATION}-input-files.xcfilelist",
			);
			name = "[CP] Embed Pods Frameworks";
			outputFileListPaths = (
				"${PODS_ROOT}/Target Support Files/Pods-subcalenro/Pods-subcalenro-frameworks-${CONFIGURATION}-output-files.xcfilelist",
			);
			runOnlyForDeploymentPostprocessing = 0;
			shellPath = /bin/sh;
			shellScript = "\"${PODS_ROOT}/Target Support Files/Pods-subcalenro/Pods-subcalenro-frameworks.sh\"\n";
			showEnvVarsInLog = 0;
		};
		7416EB9D40E340371B0ECC0A /* [CP] Check Pods Manifest.lock */ = {
			isa = PBXShellScriptBuildPhase;
			buildActionMask = 2147483647;
			files = (
			);
			inputFileListPaths = (
			);
			inputPaths = (
				"${PODS_PODFILE_DIR_PATH}/Podfile.lock",
				"${PODS_ROOT}/Manifest.lock",
			);
			name = "[CP] Check Pods Manifest.lock";
			outputFileListPaths = (
			);
			outputPaths = (
				"$(DERIVED_FILE_DIR)/Pods-subcalenro-checkManifestLockResult.txt",
			);
			runOnlyForDeploymentPostprocessing = 0;
			shellPath = /bin/sh;
			shellScript = "diff \"${PODS_PODFILE_DIR_PATH}/Podfile.lock\" \"${PODS_ROOT}/Manifest.lock\" > /dev/null\nif [ $? != 0 ] ; then\n    # print error to STDERR\n    echo \"error: The sandbox is not in sync with the Podfile.lock. Run 'pod install' or update your CocoaPods installation.\" >&2\n    exit 1\nfi\n# This output is used by Xcode 'outputs' to avoid re-running this script phase.\necho \"SUCCESS\" > \"${SCRIPT_OUTPUT_FILE_0}\"\n";
			showEnvVarsInLog = 0;
		};
/* End PBXShellScriptBuildPhase section */

/* Begin PBXSourcesBuildPhase section */
		D3B649482CAE2E4700ADD119 /* Sources */ = {
			isa = PBXSourcesBuildPhase;
			buildActionMask = 2147483647;
			files = (
				D3B649732CAE3B1000ADD119 /* AppDelegate.swift in Sources */,
				D3B649742CAE3B1000ADD119 /* SceneDelegate.swift in Sources */,
				D3B649752CAE3B1000ADD119 /* subcalenro.xcdatamodeld in Sources */,
				D3B649762CAE3B1000ADD119 /* ViewController.swift in Sources */,
			);
			runOnlyForDeploymentPostprocessing = 0;
		};
/* End PBXSourcesBuildPhase section */

/* Begin PBXVariantGroup section */
		D3B6496B2CAE3B1000ADD119 /* LaunchScreen.storyboard */ = {
			isa = PBXVariantGroup;
			children = (
				D3B6496A2CAE3B1000ADD119 /* Base */,
			);
			name = LaunchScreen.storyboard;
			sourceTree = "<group>";
		};
		D3B6496D2CAE3B1000ADD119 /* Main.storyboard */ = {
			isa = PBXVariantGroup;
			children = (
				D3B6496C2CAE3B1000ADD119 /* Base */,
			);
			name = Main.storyboard;
			sourceTree = "<group>";
		};
/* End PBXVariantGroup section */

/* Begin XCBuildConfiguration section */
		D3B649632CAE2E4B00ADD119 /* Debug */ = {
			isa = XCBuildConfiguration;
			baseConfigurationReference = B5A14581D6C13DFA917E4532 /* Pods-subcalenro.debug.xcconfig */;
			buildSettings = {
				ASSETCATALOG_COMPILER_APPICON_NAME = AppIcon;
				ASSETCATALOG_COMPILER_GLOBAL_ACCENT_COLOR_NAME = AccentColor;
				CODE_SIGN_STYLE = Automatic;
				CURRENT_PROJECT_VERSION = 1;
				DEVELOPMENT_TEAM = YH2276NN43;
				ENABLE_USER_SCRIPT_SANDBOXING = NO;
				GENERATE_INFOPLIST_FILE = YES;
				INFOPLIST_FILE = subcalenro/Info.plist;
				INFOPLIST_KEY_UIApplicationSupportsIndirectInputEvents = YES;
				INFOPLIST_KEY_UILaunchStoryboardName = LaunchScreen;
				INFOPLIST_KEY_UIMainStoryboardFile = Main;
				INFOPLIST_KEY_UISupportedInterfaceOrientations_iPad = "UIInterfaceOrientationPortrait UIInterfaceOrientationPortraitUpsideDown UIInterfaceOrientationLandscapeLeft UIInterfaceOrientationLandscapeRight";
				INFOPLIST_KEY_UISupportedInterfaceOrientations_iPhone = "UIInterfaceOrientationPortrait UIInterfaceOrientationLandscapeLeft UIInterfaceOrientationLandscapeRight";
				LD_RUNPATH_SEARCH_PATHS = (
					"$(inherited)",
					"@executable_path/Frameworks",
				);
				MARKETING_VERSION = 1.0;
				PRODUCT_BUNDLE_IDENTIFIER = con.coppertec.subcalenro;
				PRODUCT_NAME = "$(TARGET_NAME)";
				SWIFT_EMIT_LOC_STRINGS = YES;
				SWIFT_VERSION = 5.0;
				TARGETED_DEVICE_FAMILY = "1,2";
			};
			name = Debug;
		};
		D3B649642CAE2E4B00ADD119 /* Release */ = {
			isa = XCBuildConfiguration;
			baseConfigurationReference = 2CBD348774C22723D806D30E /* Pods-subcalenro.release.xcconfig */;
			buildSettings = {
				ASSETCATALOG_COMPILER_APPICON_NAME = AppIcon;
				ASSETCATALOG_COMPILER_GLOBAL_ACCENT_COLOR_NAME = AccentColor;
				CODE_SIGN_STYLE = Automatic;
				CURRENT_PROJECT_VERSION = 1;
				DEVELOPMENT_TEAM = YH2276NN43;
				ENABLE_USER_SCRIPT_SANDBOXING = YES;
				GENERATE_INFOPLIST_FILE = YES;
				INFOPLIST_FILE = subcalenro/Info.plist;
				INFOPLIST_KEY_UIApplicationSupportsIndirectInputEvents = YES;
				INFOPLIST_KEY_UILaunchStoryboardName = LaunchScreen;
				INFOPLIST_KEY_UIMainStoryboardFile = Main;
				INFOPLIST_KEY_UISupportedInterfaceOrientations_iPad = "UIInterfaceOrientationPortrait UIInterfaceOrientationPortraitUpsideDown UIInterfaceOrientationLandscapeLeft UIInterfaceOrientationLandscapeRight";
				INFOPLIST_KEY_UISupportedInterfaceOrientations_iPhone = "UIInterfaceOrientationPortrait UIInterfaceOrientationLandscapeLeft UIInterfaceOrientationLandscapeRight";
				LD_RUNPATH_SEARCH_PATHS = (
					"$(inherited)",
					"@executable_path/Frameworks",
				);
				MARKETING_VERSION = 1.0;
				PRODUCT_BUNDLE_IDENTIFIER = con.coppertec.subcalenro;
				PRODUCT_NAME = "$(TARGET_NAME)";
				SWIFT_EMIT_LOC_STRINGS = YES;
				SWIFT_VERSION = 5.0;
				TARGETED_DEVICE_FAMILY = "1,2";
			};
			name = Release;
		};
		D3B649652CAE2E4B00ADD119 /* Debug */ = {
			isa = XCBuildConfiguration;
			buildSettings = {
				ALWAYS_SEARCH_USER_PATHS = NO;
				ASSETCATALOG_COMPILER_GENERATE_SWIFT_ASSET_SYMBOL_EXTENSIONS = YES;
				CLANG_ANALYZER_NONNULL = YES;
				CLANG_ANALYZER_NUMBER_OBJECT_CONVERSION = YES_AGGRESSIVE;
				CLANG_CXX_LANGUAGE_STANDARD = "gnu++20";
				CLANG_ENABLE_MODULES = YES;
				CLANG_ENABLE_OBJC_ARC = YES;
				CLANG_ENABLE_OBJC_WEAK = YES;
				CLANG_WARN_BLOCK_CAPTURE_AUTORELEASING = YES;
				CLANG_WARN_BOOL_CONVERSION = YES;
				CLANG_WARN_COMMA = YES;
				CLANG_WARN_CONSTANT_CONVERSION = YES;
				CLANG_WARN_DEPRECATED_OBJC_IMPLEMENTATIONS = YES;
				CLANG_WARN_DIRECT_OBJC_ISA_USAGE = YES_ERROR;
				CLANG_WARN_DOCUMENTATION_COMMENTS = YES;
				CLANG_WARN_EMPTY_BODY = YES;
				CLANG_WARN_ENUM_CONVERSION = YES;
				CLANG_WARN_INFINITE_RECURSION = YES;
				CLANG_WARN_INT_CONVERSION = YES;
				CLANG_WARN_NON_LITERAL_NULL_CONVERSION = YES;
				CLANG_WARN_OBJC_IMPLICIT_RETAIN_SELF = YES;
				CLANG_WARN_OBJC_LITERAL_CONVERSION = YES;
				CLANG_WARN_OBJC_ROOT_CLASS = YES_ERROR;
				CLANG_WARN_QUOTED_INCLUDE_IN_FRAMEWORK_HEADER = YES;
				CLANG_WARN_RANGE_LOOP_ANALYSIS = YES;
				CLANG_WARN_STRICT_PROTOTYPES = YES;
				CLANG_WARN_SUSPICIOUS_MOVE = YES;
				CLANG_WARN_UNGUARDED_AVAILABILITY = YES_AGGRESSIVE;
				CLANG_WARN_UNREACHABLE_CODE = YES;
				CLANG_WARN__DUPLICATE_METHOD_MATCH = YES;
				COPY_PHASE_STRIP = NO;
				DEBUG_INFORMATION_FORMAT = dwarf;
				ENABLE_STRICT_OBJC_MSGSEND = YES;
				ENABLE_TESTABILITY = YES;
				ENABLE_USER_SCRIPT_SANDBOXING = YES;
				GCC_C_LANGUAGE_STANDARD = gnu17;
				GCC_DYNAMIC_NO_PIC = NO;
				GCC_NO_COMMON_BLOCKS = YES;
				GCC_OPTIMIZATION_LEVEL = 0;
				GCC_PREPROCESSOR_DEFINITIONS = (
					"DEBUG=1",
					"$(inherited)",
				);
				GCC_WARN_64_TO_32_BIT_CONVERSION = YES;
				GCC_WARN_ABOUT_RETURN_TYPE = YES_ERROR;
				GCC_WARN_UNDECLARED_SELECTOR = YES;
				GCC_WARN_UNINITIALIZED_AUTOS = YES_AGGRESSIVE;
				GCC_WARN_UNUSED_FUNCTION = YES;
				GCC_WARN_UNUSED_VARIABLE = YES;
				IPHONEOS_DEPLOYMENT_TARGET = 18.0;
				LOCALIZATION_PREFERS_STRING_CATALOGS = YES;
				MTL_ENABLE_DEBUG_INFO = INCLUDE_SOURCE;
				MTL_FAST_MATH = YES;
				ONLY_ACTIVE_ARCH = YES;
				SDKROOT = iphoneos;
				SWIFT_ACTIVE_COMPILATION_CONDITIONS = "DEBUG $(inherited)";
				SWIFT_OPTIMIZATION_LEVEL = "-Onone";
			};
			name = Debug;
		};
		D3B649662CAE2E4B00ADD119 /* Release */ = {
			isa = XCBuildConfiguration;
			buildSettings = {
				ALWAYS_SEARCH_USER_PATHS = NO;
				ASSETCATALOG_COMPILER_GENERATE_SWIFT_ASSET_SYMBOL_EXTENSIONS = YES;
				CLANG_ANALYZER_NONNULL = YES;
				CLANG_ANALYZER_NUMBER_OBJECT_CONVERSION = YES_AGGRESSIVE;
				CLANG_CXX_LANGUAGE_STANDARD = "gnu++20";
				CLANG_ENABLE_MODULES = YES;
				CLANG_ENABLE_OBJC_ARC = YES;
				CLANG_ENABLE_OBJC_WEAK = YES;
				CLANG_WARN_BLOCK_CAPTURE_AUTORELEASING = YES;
				CLANG_WARN_BOOL_CONVERSION = YES;
				CLANG_WARN_COMMA = YES;
				CLANG_WARN_CONSTANT_CONVERSION = YES;
				CLANG_WARN_DEPRECATED_OBJC_IMPLEMENTATIONS = YES;
				CLANG_WARN_DIRECT_OBJC_ISA_USAGE = YES_ERROR;
				CLANG_WARN_DOCUMENTATION_COMMENTS = YES;
				CLANG_WARN_EMPTY_BODY = YES;
				CLANG_WARN_ENUM_CONVERSION = YES;
				CLANG_WARN_INFINITE_RECURSION = YES;
				CLANG_WARN_INT_CONVERSION = YES;
				CLANG_WARN_NON_LITERAL_NULL_CONVERSION = YES;
				CLANG_WARN_OBJC_IMPLICIT_RETAIN_SELF = YES;
				CLANG_WARN_OBJC_LITERAL_CONVERSION = YES;
				CLANG_WARN_OBJC_ROOT_CLASS = YES_ERROR;
				CLANG_WARN_QUOTED_INCLUDE_IN_FRAMEWORK_HEADER = YES;
				CLANG_WARN_RANGE_LOOP_ANALYSIS = YES;
				CLANG_WARN_STRICT_PROTOTYPES = YES;
				CLANG_WARN_SUSPICIOUS_MOVE = YES;
				CLANG_WARN_UNGUARDED_AVAILABILITY = YES_AGGRESSIVE;
				CLANG_WARN_UNREACHABLE_CODE = YES;
				CLANG_WARN__DUPLICATE_METHOD_MATCH = YES;
				COPY_PHASE_STRIP = NO;
				DEBUG_INFORMATION_FORMAT = "dwarf-with-dsym";
				ENABLE_NS_ASSERTIONS = NO;
				ENABLE_STRICT_OBJC_MSGSEND = YES;
				ENABLE_USER_SCRIPT_SANDBOXING = YES;
				GCC_C_LANGUAGE_STANDARD = gnu17;
				GCC_NO_COMMON_BLOCKS = YES;
				GCC_WARN_64_TO_32_BIT_CONVERSION = YES;
				GCC_WARN_ABOUT_RETURN_TYPE = YES_ERROR;
				GCC_WARN_UNDECLARED_SELECTOR = YES;
				GCC_WARN_UNINITIALIZED_AUTOS = YES_AGGRESSIVE;
				GCC_WARN_UNUSED_FUNCTION = YES;
				GCC_WARN_UNUSED_VARIABLE = YES;
				IPHONEOS_DEPLOYMENT_TARGET = 18.0;
				LOCALIZATION_PREFERS_STRING_CATALOGS = YES;
				MTL_ENABLE_DEBUG_INFO = NO;
				MTL_FAST_MATH = YES;
				SDKROOT = iphoneos;
				SWIFT_COMPILATION_MODE = wholemodule;
				VALIDATE_PRODUCT = YES;
			};
			name = Release;
		};
/* End XCBuildConfiguration section */

/* Begin XCConfigurationList section */
		D3B649472CAE2E4700ADD119 /* Build configuration list for PBXProject "subcalenro" */ = {
			isa = XCConfigurationList;
			buildConfigurations = (
				D3B649652CAE2E4B00ADD119 /* Debug */,
				D3B649662CAE2E4B00ADD119 /* Release */,
			);
			defaultConfigurationIsVisible = 0;
			defaultConfigurationName = Release;
		};
		D3B649622CAE2E4B00ADD119 /* Build configuration list for PBXNativeTarget "subcalenro" */ = {
			isa = XCConfigurationList;
			buildConfigurations = (
				D3B649632CAE2E4B00ADD119 /* Debug */,
				D3B649642CAE2E4B00ADD119 /* Release */,
			);
			defaultConfigurationIsVisible = 0;
			defaultConfigurationName = Release;
		};
/* End XCConfigurationList section */

/* Begin XCVersionGroup section */
		D3B6496F2CAE3B1000ADD119 /* subcalenro.xcdatamodeld */ = {
			isa = XCVersionGroup;
			children = (
				D3B649722CAE3B1000ADD119 /* subcalenro.xcdatamodel */,
			);
			currentVersion = D3B649722CAE3B1000ADD119 /* subcalenro.xcdatamodel */;
			path = subcalenro.xcdatamodeld;
			sourceTree = "<group>";
			versionGroupType = wrapper.xcdatamodel;
		};
/* End XCVersionGroup section */
	};
	rootObject = D3B649442CAE2E4700ADD119 /* Project object */;
}
